
Microsoft Visual Studio Solution File, Format Version 11.00
# Visual Studio 2010
Project("{FAE04EC0-301F-11D3-BF4B-00C04F79EFBC}") = "Assembly-CSharp", "Assembly-CSharp.csproj", "{CBE32DBF-4781-6139-293D-A96668082741}"
EndProject
Global
	GlobalSection(SolutionConfigurationPlatforms) = preSolution
		Debug|Any CPU = Debug|Any CPU
		Release|Any CPU = Release|Any CPU
	EndGlobalSection
	GlobalSection(ProjectConfigurationPlatforms) = postSolution
		{CBE32DBF-4781-6139-293D-A96668082741}.Debug|Any CPU.ActiveCfg = Debug|Any CPU
		{CBE32DBF-4781-6139-293D-A96668082741}.Debug|Any CPU.Build.0 = Debug|Any CPU
		{CBE32DBF-4781-6139-293D-A96668082741}.Release|Any CPU.ActiveCfg = Release|Any CPU
		{CBE32DBF-4781-6139-293D-A96668082741}.Release|Any CPU.Build.0 = Release|Any CPU
	EndGlobalSection
	GlobalSection(SolutionProperties) = preSolution
		HideSolutionNode = FALSE
	EndGlobalSection
EndGlobal
